
Microsoft Visual Studio Solution File, Format Version 12.00
# Visual Studio Version 17
VisualStudioVersion = 17.9.34728.123
MinimumVisualStudioVersion = 10.0.40219.1
Project("{FAE04EC0-301F-11D3-BF4B-00C04F79EFBC}") = "FeederAnalysis", "FeederAnalysis\FeederAnalysis.csproj", "{C14ED626-CB37-43EF-BD0C-479CC82F156C}"
EndProject
Global
	GlobalSection(SolutionConfigurationPlatforms) = preSolution
		Debug|Any CPU = Debug|Any CPU
		Release|Any CPU = Release|Any CPU
	EndGlobalSection
	GlobalSection(ProjectConfigurationPlatforms) = postSolution
		{C14ED626-CB37-43EF-BD0C-479CC82F156C}.Debug|Any CPU.ActiveCfg = Debug|Any CPU
		{C14ED626-CB37-43EF-BD0C-479CC82F156C}.Debug|Any CPU.Build.0 = Debug|Any CPU
		{C14ED626-CB37-43EF-BD0C-479CC82F156C}.Release|Any CPU.ActiveCfg = Release|Any CPU
		{C14ED626-CB37-43EF-BD0C-479CC82F156C}.Release|Any CPU.Build.0 = Release|Any CPU
	EndGlobalSection
	GlobalSection(SolutionProperties) = preSolution
		HideSolutionNode = FALSE
	EndGlobalSection
	GlobalSection(ExtensibilityGlobals) = postSolution
		SolutionGuid = {F5AC114B-17FC-4DF0-8230-00532AD31AD8}
	EndGlobalSection
EndGlobal
