
Microsoft Visual Studio Solution File, Format Version 12.00
# Visual Studio 15
VisualStudioVersion = 15.0.33423.255
MinimumVisualStudioVersion = 10.0.40219.1
Project("{2150E333-8FDC-42A3-9474-1A3956D46DE8}") = "SMT", "SMT", "{5DC32F82-22E6-40E1-AFDB-9FCFA3F43771}"
EndProject
Project("{FAE04EC0-301F-11D3-BF4B-00C04F79EFBC}") = "FeederAnalysis", "FeederAnalysis\FeederAnalysis.csproj", "{C14ED626-CB37-43EF-BD0C-479CC82F156C}"
EndProject
Project("{FAE04EC0-301F-11D3-BF4B-00C04F79EFBC}") = "SPI", "SPI\SPI.csproj", "{FF44DAA1-3FD0-4B81-A257-0971A33C1A78}"
EndProject
Project("{FAE04EC0-301F-11D3-BF4B-00C04F79EFBC}") = "PICKUP_ERR_MOUNTER", "PICKUP_ERR_MOUNTER\PICKUP_ERR_MOUNTER.csproj", "{334AB43B-F653-40FC-8B4E-6E9F52A9ADFE}"
EndProject
Project("{FAE04EC0-301F-11D3-BF4B-00C04F79EFBC}") = "SMT_SUPPORT", "D:\Quyet\Virtual\VirtualPro\SMT_SUPPORT.csproj", "{ADDDC341-5E53-4F59-8742-2DA15DE1B945}"
EndProject
Global
	GlobalSection(SolutionConfigurationPlatforms) = preSolution
		Debug|Any CPU = Debug|Any CPU
		Debug|ARM = Debug|ARM
		Debug|ARM64 = Debug|ARM64
		Debug|x64 = Debug|x64
		Debug|x86 = Debug|x86
		Release|Any CPU = Release|Any CPU
		Release|ARM = Release|ARM
		Release|ARM64 = Release|ARM64
		Release|x64 = Release|x64
		Release|x86 = Release|x86
	EndGlobalSection
	GlobalSection(ProjectConfigurationPlatforms) = postSolution
		{C14ED626-CB37-43EF-BD0C-479CC82F156C}.Debug|Any CPU.ActiveCfg = Debug|Any CPU
		{C14ED626-CB37-43EF-BD0C-479CC82F156C}.Debug|Any CPU.Build.0 = Debug|Any CPU
		{C14ED626-CB37-43EF-BD0C-479CC82F156C}.Debug|ARM.ActiveCfg = Debug|Any CPU
		{C14ED626-CB37-43EF-BD0C-479CC82F156C}.Debug|ARM.Build.0 = Debug|Any CPU
		{C14ED626-CB37-43EF-BD0C-479CC82F156C}.Debug|ARM64.ActiveCfg = Debug|Any CPU
		{C14ED626-CB37-43EF-BD0C-479CC82F156C}.Debug|ARM64.Build.0 = Debug|Any CPU
		{C14ED626-CB37-43EF-BD0C-479CC82F156C}.Debug|x64.ActiveCfg = Debug|Any CPU
		{C14ED626-CB37-43EF-BD0C-479CC82F156C}.Debug|x64.Build.0 = Debug|Any CPU
		{C14ED626-CB37-43EF-BD0C-479CC82F156C}.Debug|x86.ActiveCfg = Debug|Any CPU
		{C14ED626-CB37-43EF-BD0C-479CC82F156C}.Debug|x86.Build.0 = Debug|Any CPU
		{C14ED626-CB37-43EF-BD0C-479CC82F156C}.Release|Any CPU.ActiveCfg = Release|Any CPU
		{C14ED626-CB37-43EF-BD0C-479CC82F156C}.Release|Any CPU.Build.0 = Release|Any CPU
		{C14ED626-CB37-43EF-BD0C-479CC82F156C}.Release|ARM.ActiveCfg = Release|Any CPU
		{C14ED626-CB37-43EF-BD0C-479CC82F156C}.Release|ARM.Build.0 = Release|Any CPU
		{C14ED626-CB37-43EF-BD0C-479CC82F156C}.Release|ARM64.ActiveCfg = Release|Any CPU
		{C14ED626-CB37-43EF-BD0C-479CC82F156C}.Release|ARM64.Build.0 = Release|Any CPU
		{C14ED626-CB37-43EF-BD0C-479CC82F156C}.Release|x64.ActiveCfg = Release|Any CPU
		{C14ED626-CB37-43EF-BD0C-479CC82F156C}.Release|x64.Build.0 = Release|Any CPU
		{C14ED626-CB37-43EF-BD0C-479CC82F156C}.Release|x86.ActiveCfg = Release|Any CPU
		{C14ED626-CB37-43EF-BD0C-479CC82F156C}.Release|x86.Build.0 = Release|Any CPU
		{FF44DAA1-3FD0-4B81-A257-0971A33C1A78}.Debug|Any CPU.ActiveCfg = Debug|Any CPU
		{FF44DAA1-3FD0-4B81-A257-0971A33C1A78}.Debug|Any CPU.Build.0 = Debug|Any CPU
		{FF44DAA1-3FD0-4B81-A257-0971A33C1A78}.Debug|ARM.ActiveCfg = Debug|Any CPU
		{FF44DAA1-3FD0-4B81-A257-0971A33C1A78}.Debug|ARM.Build.0 = Debug|Any CPU
		{FF44DAA1-3FD0-4B81-A257-0971A33C1A78}.Debug|ARM64.ActiveCfg = Debug|Any CPU
		{FF44DAA1-3FD0-4B81-A257-0971A33C1A78}.Debug|ARM64.Build.0 = Debug|Any CPU
		{FF44DAA1-3FD0-4B81-A257-0971A33C1A78}.Debug|x64.ActiveCfg = Debug|Any CPU
		{FF44DAA1-3FD0-4B81-A257-0971A33C1A78}.Debug|x64.Build.0 = Debug|Any CPU
		{FF44DAA1-3FD0-4B81-A257-0971A33C1A78}.Debug|x86.ActiveCfg = Debug|Any CPU
		{FF44DAA1-3FD0-4B81-A257-0971A33C1A78}.Debug|x86.Build.0 = Debug|Any CPU
		{FF44DAA1-3FD0-4B81-A257-0971A33C1A78}.Release|Any CPU.ActiveCfg = Release|Any CPU
		{FF44DAA1-3FD0-4B81-A257-0971A33C1A78}.Release|Any CPU.Build.0 = Release|Any CPU
		{FF44DAA1-3FD0-4B81-A257-0971A33C1A78}.Release|ARM.ActiveCfg = Release|Any CPU
		{FF44DAA1-3FD0-4B81-A257-0971A33C1A78}.Release|ARM.Build.0 = Release|Any CPU
		{FF44DAA1-3FD0-4B81-A257-0971A33C1A78}.Release|ARM64.ActiveCfg = Release|Any CPU
		{FF44DAA1-3FD0-4B81-A257-0971A33C1A78}.Release|ARM64.Build.0 = Release|Any CPU
		{FF44DAA1-3FD0-4B81-A257-0971A33C1A78}.Release|x64.ActiveCfg = Release|Any CPU
		{FF44DAA1-3FD0-4B81-A257-0971A33C1A78}.Release|x64.Build.0 = Release|Any CPU
		{FF44DAA1-3FD0-4B81-A257-0971A33C1A78}.Release|x86.ActiveCfg = Release|Any CPU
		{FF44DAA1-3FD0-4B81-A257-0971A33C1A78}.Release|x86.Build.0 = Release|Any CPU
		{334AB43B-F653-40FC-8B4E-6E9F52A9ADFE}.Debug|Any CPU.ActiveCfg = Debug|Any CPU
		{334AB43B-F653-40FC-8B4E-6E9F52A9ADFE}.Debug|Any CPU.Build.0 = Debug|Any CPU
		{334AB43B-F653-40FC-8B4E-6E9F52A9ADFE}.Debug|ARM.ActiveCfg = Debug|Any CPU
		{334AB43B-F653-40FC-8B4E-6E9F52A9ADFE}.Debug|ARM.Build.0 = Debug|Any CPU
		{334AB43B-F653-40FC-8B4E-6E9F52A9ADFE}.Debug|ARM64.ActiveCfg = Debug|Any CPU
		{334AB43B-F653-40FC-8B4E-6E9F52A9ADFE}.Debug|ARM64.Build.0 = Debug|Any CPU
		{334AB43B-F653-40FC-8B4E-6E9F52A9ADFE}.Debug|x64.ActiveCfg = Debug|Any CPU
		{334AB43B-F653-40FC-8B4E-6E9F52A9ADFE}.Debug|x64.Build.0 = Debug|Any CPU
		{334AB43B-F653-40FC-8B4E-6E9F52A9ADFE}.Debug|x86.ActiveCfg = Debug|Any CPU
		{334AB43B-F653-40FC-8B4E-6E9F52A9ADFE}.Debug|x86.Build.0 = Debug|Any CPU
		{334AB43B-F653-40FC-8B4E-6E9F52A9ADFE}.Release|Any CPU.ActiveCfg = Release|Any CPU
		{334AB43B-F653-40FC-8B4E-6E9F52A9ADFE}.Release|Any CPU.Build.0 = Release|Any CPU
		{334AB43B-F653-40FC-8B4E-6E9F52A9ADFE}.Release|ARM.ActiveCfg = Release|Any CPU
		{334AB43B-F653-40FC-8B4E-6E9F52A9ADFE}.Release|ARM.Build.0 = Release|Any CPU
		{334AB43B-F653-40FC-8B4E-6E9F52A9ADFE}.Release|ARM64.ActiveCfg = Release|Any CPU
		{334AB43B-F653-40FC-8B4E-6E9F52A9ADFE}.Release|ARM64.Build.0 = Release|Any CPU
		{334AB43B-F653-40FC-8B4E-6E9F52A9ADFE}.Release|x64.ActiveCfg = Release|Any CPU
		{334AB43B-F653-40FC-8B4E-6E9F52A9ADFE}.Release|x64.Build.0 = Release|Any CPU
		{334AB43B-F653-40FC-8B4E-6E9F52A9ADFE}.Release|x86.ActiveCfg = Release|Any CPU
		{334AB43B-F653-40FC-8B4E-6E9F52A9ADFE}.Release|x86.Build.0 = Release|Any CPU
		{ADDDC341-5E53-4F59-8742-2DA15DE1B945}.Debug|Any CPU.ActiveCfg = Debug|Any CPU
		{ADDDC341-5E53-4F59-8742-2DA15DE1B945}.Debug|Any CPU.Build.0 = Debug|Any CPU
		{ADDDC341-5E53-4F59-8742-2DA15DE1B945}.Debug|ARM.ActiveCfg = Debug|Any CPU
		{ADDDC341-5E53-4F59-8742-2DA15DE1B945}.Debug|ARM.Build.0 = Debug|Any CPU
		{ADDDC341-5E53-4F59-8742-2DA15DE1B945}.Debug|ARM64.ActiveCfg = Debug|Any CPU
		{ADDDC341-5E53-4F59-8742-2DA15DE1B945}.Debug|ARM64.Build.0 = Debug|Any CPU
		{ADDDC341-5E53-4F59-8742-2DA15DE1B945}.Debug|x64.ActiveCfg = Debug|Any CPU
		{ADDDC341-5E53-4F59-8742-2DA15DE1B945}.Debug|x64.Build.0 = Debug|Any CPU
		{ADDDC341-5E53-4F59-8742-2DA15DE1B945}.Debug|x86.ActiveCfg = Debug|Any CPU
		{ADDDC341-5E53-4F59-8742-2DA15DE1B945}.Debug|x86.Build.0 = Debug|Any CPU
		{ADDDC341-5E53-4F59-8742-2DA15DE1B945}.Release|Any CPU.ActiveCfg = Release|Any CPU
		{ADDDC341-5E53-4F59-8742-2DA15DE1B945}.Release|Any CPU.Build.0 = Release|Any CPU
		{ADDDC341-5E53-4F59-8742-2DA15DE1B945}.Release|ARM.ActiveCfg = Release|Any CPU
		{ADDDC341-5E53-4F59-8742-2DA15DE1B945}.Release|ARM.Build.0 = Release|Any CPU
		{ADDDC341-5E53-4F59-8742-2DA15DE1B945}.Release|ARM64.ActiveCfg = Release|Any CPU
		{ADDDC341-5E53-4F59-8742-2DA15DE1B945}.Release|ARM64.Build.0 = Release|Any CPU
		{ADDDC341-5E53-4F59-8742-2DA15DE1B945}.Release|x64.ActiveCfg = Release|Any CPU
		{ADDDC341-5E53-4F59-8742-2DA15DE1B945}.Release|x64.Build.0 = Release|Any CPU
		{ADDDC341-5E53-4F59-8742-2DA15DE1B945}.Release|x86.ActiveCfg = Release|Any CPU
		{ADDDC341-5E53-4F59-8742-2DA15DE1B945}.Release|x86.Build.0 = Release|Any CPU
	EndGlobalSection
	GlobalSection(SolutionProperties) = preSolution
		HideSolutionNode = FALSE
	EndGlobalSection
	GlobalSection(NestedProjects) = preSolution
		{C14ED626-CB37-43EF-BD0C-479CC82F156C} = {5DC32F82-22E6-40E1-AFDB-9FCFA3F43771}
		{FF44DAA1-3FD0-4B81-A257-0971A33C1A78} = {5DC32F82-22E6-40E1-AFDB-9FCFA3F43771}
		{334AB43B-F653-40FC-8B4E-6E9F52A9ADFE} = {5DC32F82-22E6-40E1-AFDB-9FCFA3F43771}
		{ADDDC341-5E53-4F59-8742-2DA15DE1B945} = {5DC32F82-22E6-40E1-AFDB-9FCFA3F43771}
	EndGlobalSection
	GlobalSection(ExtensibilityGlobals) = postSolution
		SolutionGuid = {8CB284AF-5068-482E-B4E3-F41CE67C9222}
	EndGlobalSection
EndGlobal
